
Microsoft Visual Studio Solution File, Format Version 12.00
# Visual Studio 15
VisualStudioVersion = 15.0.28307.421
MinimumVisualStudioVersion = 10.0.40219.1
Project("{FAE04EC0-301F-11D3-BF4B-00C04F79EFBC}") = "TestApp", "TestApp\TestApp.csproj", "{B9C38DEA-922E-43ED-B870-74C8DD4AE624}"
EndProject
Global
	GlobalSection(SolutionConfigurationPlatforms) = preSolution
		Debug|Any CPU = Debug|Any CPU
		Release|Any CPU = Release|Any CPU
	EndGlobalSection
	GlobalSection(ProjectConfigurationPlatforms) = postSolution
		{B9C38DEA-922E-43ED-B870-74C8DD4AE624}.Debug|Any CPU.ActiveCfg = Debug|Any CPU
		{B9C38DEA-922E-43ED-B870-74C8DD4AE624}.Debug|Any CPU.Build.0 = Debug|Any CPU
		{B9C38DEA-922E-43ED-B870-74C8DD4AE624}.Release|Any CPU.ActiveCfg = Release|Any CPU
		{B9C38DEA-922E-43ED-B870-74C8DD4AE624}.Release|Any CPU.Build.0 = Release|Any CPU
	EndGlobalSection
	GlobalSection(SolutionProperties) = preSolution
		HideSolutionNode = FALSE
	EndGlobalSection
	GlobalSection(ExtensibilityGlobals) = postSolution
		SolutionGuid = {E2E614B9-3D10-47E1-A585-FD0F8F94233B}
	EndGlobalSection
EndGlobal
